{
    "requires": true,
    "lockfileVersion": 1,
    "dependencies": {
        "laravel-echo": {
            "version": "1.5.4",
            "resolved": "https://registry.npmjs.org/laravel-echo/-/laravel-echo-1.5.4.tgz",
            "integrity": "sha512-FTfgLQopGTPxIthYqFLbaZQ14kDuRH0AJa7N7HJNmWM5zJ4/qtZcP6zsfvATGazF+5Sr0M7IWgtF+OaNIUHqcw=="
        },
        "pusher-js": {
            "version": "5.0.0",
            "resolved": "https://registry.npmjs.org/pusher-js/-/pusher-js-5.0.0.tgz",
            "integrity": "sha512-en/ec9ls/1/tY1qFKNddggYzrJtLy3FUoW8mD35S1Fx/MWwlImHluOgrpLvFtEUPy8Wdg95yEJC82NNb2KUtzw=="
        }
    }
}
